{
  "nodes": {
    "nixpkgs": {
      "locked": {
        "lastModified": 1726017611,
        "narHash": "sha256-TwTgZV9vplosR0C/MmM1UKGARethubqKF4OCTjilKAo=",
        "owner": "nixos",
        "repo": "nixpkgs",
        "rev": "440d6c29a32cd1bec2fc9807a8c79af461ff0929",
        "type": "github"
      },
      "original": {
        "owner": "nixos",
        "ref": "nixpkgs-24.05-darwin",
        "repo": "nixpkgs",
        "type": "github"
      }
    },
    "root": {
      "inputs": {
        "nixpkgs": "nixpkgs",
        "tsssni-nur": "tsssni-nur"
      }
    },
    "tsssni-nur": {
      "inputs": {
        "nixpkgs": [
          "nixpkgs"
        ]
      },
      "locked": {
        "lastModified": 1726192867,
        "narHash": "sha256-ZI7jes7XUFyxuVHJEMRqK0EoArkA8nXrgFwxYi9Nu+c=",
        "owner": "tsssni",
        "repo": "NUR",
        "rev": "bf6910546906df933747403d1025906b89406883",
        "type": "github"
      },
      "original": {
        "owner": "tsssni",
        "repo": "NUR",
        "type": "github"
      }
    }
  },
  "root": "root",
  "version": 7
}
